
Microsoft Visual Studio Solution File, Format Version 12.00
# Visual Studio Version 16
VisualStudioVersion = 16.0.33801.447
MinimumVisualStudioVersion = 10.0.40219.1
Project("{FAE04EC0-301F-11D3-BF4B-00C04F79EFBC}") = "ServiceBusThroughputTest", "ServiceBusThroughputTest.csproj", "{72A4A64B-EADB-4A0D-8541-6893895ADFAD}"
EndProject
Project("{FAE04EC0-301F-11D3-BF4B-00C04F79EFBC}") = "ServiceBusThroughputTest.Common", "..\ServiceBusThroughputTest.Common\ServiceBusThroughputTest.Common.csproj", "{5D8A1D8A-C5B5-4FBC-B10E-1265A4A4ECBF}"
EndProject
Project("{FAE04EC0-301F-11D3-BF4B-00C04F79EFBC}") = "ServiceBusThroughputTestLib", "..\ServiceBusThroughputTestLib\ServiceBusThroughputTestLib.csproj", "{DA73050D-B46D-4760-AEF5-CD86E25DFAB5}"
EndProject
Global
	GlobalSection(SolutionConfigurationPlatforms) = preSolution
		Debug|Any CPU = Debug|Any CPU
		Release|Any CPU = Release|Any CPU
	EndGlobalSection
	GlobalSection(ProjectConfigurationPlatforms) = postSolution
		{72A4A64B-EADB-4A0D-8541-6893895ADFAD}.Debug|Any CPU.ActiveCfg = Debug|Any CPU
		{72A4A64B-EADB-4A0D-8541-6893895ADFAD}.Debug|Any CPU.Build.0 = Debug|Any CPU
		{72A4A64B-EADB-4A0D-8541-6893895ADFAD}.Release|Any CPU.ActiveCfg = Release|Any CPU
		{72A4A64B-EADB-4A0D-8541-6893895ADFAD}.Release|Any CPU.Build.0 = Release|Any CPU
		{5D8A1D8A-C5B5-4FBC-B10E-1265A4A4ECBF}.Debug|Any CPU.ActiveCfg = Debug|Any CPU
		{5D8A1D8A-C5B5-4FBC-B10E-1265A4A4ECBF}.Debug|Any CPU.Build.0 = Debug|Any CPU
		{5D8A1D8A-C5B5-4FBC-B10E-1265A4A4ECBF}.Release|Any CPU.ActiveCfg = Release|Any CPU
		{5D8A1D8A-C5B5-4FBC-B10E-1265A4A4ECBF}.Release|Any CPU.Build.0 = Release|Any CPU
		{DA73050D-B46D-4760-AEF5-CD86E25DFAB5}.Debug|Any CPU.ActiveCfg = Debug|Any CPU
		{DA73050D-B46D-4760-AEF5-CD86E25DFAB5}.Debug|Any CPU.Build.0 = Debug|Any CPU
		{DA73050D-B46D-4760-AEF5-CD86E25DFAB5}.Release|Any CPU.ActiveCfg = Release|Any CPU
		{DA73050D-B46D-4760-AEF5-CD86E25DFAB5}.Release|Any CPU.Build.0 = Release|Any CPU
	EndGlobalSection
	GlobalSection(SolutionProperties) = preSolution
		HideSolutionNode = FALSE
	EndGlobalSection
	GlobalSection(ExtensibilityGlobals) = postSolution
		SolutionGuid = {860DD522-AB3C-42BC-97DA-33678D48995D}
	EndGlobalSection
EndGlobal
